# generated by rye
# use `rye lock` or `rye sync` to update this lockfile
#
# last locked with the following flags:
#   pre: false
#   features: []
#   all-features: false
#   with-sources: false
#   generate-hashes: false
#   universal: false

-e file:.
cfgv==3.4.0
    # via pre-commit
colorama==0.4.6
    # via pytest
distlib==0.3.9
    # via virtualenv
filelock==3.18.0
    # via virtualenv
hidapi==0.14.0.post4
    # via kmboxnet-native
identify==2.6.10
    # via pre-commit
iniconfig==2.1.0
    # via pytest
mypy==1.15.0
mypy-extensions==1.1.0
    # via mypy
nodeenv==1.9.1
    # via pre-commit
packaging==25.0
    # via pytest
platformdirs==4.3.7
    # via virtualenv
pluggy==1.5.0
    # via pytest
pre-commit==4.2.0
pytest==8.3.5
pyyaml==6.0.2
    # via pre-commit
ruff==0.11.7
setuptools==79.0.1
    # via hidapi
typing-extensions==4.13.2
    # via mypy
virtualenv==20.30.0
    # via pre-commit
